<?xml version="1.0" encoding="utf-8"?>
<Project ToolsVersion="4.0" xmlns="http://schemas.microsoft.com/developer/msbuild/2003">
  <ItemGroup>
    <Filter Include="source">
      <UniqueIdentifier>{d4935460-1327-4ac2-8269-4d4e95a3572d}</UniqueIdentifier>
    </Filter>
  </ItemGroup>
  <ItemGroup>
    <ClCompile Include="src\Game.cpp">
      <Filter>source</Filter>
    </ClCompile>
    <ClCompile Include="src\Main.cpp">
      <Filter>source</Filter>
    </ClCompile>
    <ClCompile Include="src\Player.cpp" />
    <ClCompile Include="src\monster.cpp" />
    <ClCompile Include="src\SystemUI.cpp" />
  </ItemGroup>
  <ItemGroup>
    <ClInclude Include="src\Game.h">
      <Filter>source</Filter>
    </ClInclude>
    <ClInclude Include="src\Main.h">
      <Filter>source</Filter>
    </ClInclude>
    <ClInclude Include="src\Player.h" />
    <ClInclude Include="src\monster.h" />
    <ClInclude Include="src\SystemUI.h" />
  </ItemGroup>
</Project>